{
  "name": "blockmirror",
  "version": "1.0.0",
  "lockfileVersion": 1,
  "requires": true,
  "dependencies": {
    "codemirror": {
      "version": "5.48.0",
      "resolved": "https://registry.npmjs.org/codemirror/-/codemirror-5.48.0.tgz",
      "integrity": "sha512-3Ter+tYtRlTNtxtYdYNPxGxBL/b3cMcvPdPm70gvmcOO2Rauv/fUEewWa0tT596Hosv6ea2mtpx28OXBy1mQCg=="
    }
  }
}
